
Microsoft Visual Studio Solution File, Format Version 12.00
# Visual Studio 2012
Project("{8BC9CEB8-8B4A-11D0-8D11-00A0C91BC942}") = "DaOrganiser", "DaOrganiser\DaOrganiser.vcxproj", "{542EFB69-A950-4F32-95BA-57D277C05D53}"
EndProject
Global
	GlobalSection(SolutionConfigurationPlatforms) = preSolution
		Debug|Win32 = Debug|Win32
		Release|Win32 = Release|Win32
	EndGlobalSection
	GlobalSection(ProjectConfigurationPlatforms) = postSolution
		{542EFB69-A950-4F32-95BA-57D277C05D53}.Debug|Win32.ActiveCfg = Debug|Win32
		{542EFB69-A950-4F32-95BA-57D277C05D53}.Debug|Win32.Build.0 = Debug|Win32
		{542EFB69-A950-4F32-95BA-57D277C05D53}.Release|Win32.ActiveCfg = Release|Win32
		{542EFB69-A950-4F32-95BA-57D277C05D53}.Release|Win32.Build.0 = Release|Win32
	EndGlobalSection
	GlobalSection(SolutionProperties) = preSolution
		HideSolutionNode = FALSE
	EndGlobalSection
EndGlobal
